
Microsoft Visual Studio Solution File, Format Version 12.00
# Visual Studio Version 17
VisualStudioVersion = 17.7.34221.43
MinimumVisualStudioVersion = 10.0.40219.1
Project("{FAE04EC0-301F-11D3-BF4B-00C04F79EFBC}") = "ConsoleApp2", "ConsoleApp2\ConsoleApp2.csproj", "{E9062A83-AC02-4702-A1E9-6947281DC75D}"
EndProject
Project("{FAE04EC0-301F-11D3-BF4B-00C04F79EFBC}") = "TestProject1", "TestProject1\TestProject1.csproj", "{6F3E66F5-2E51-4619-89E6-40C7109C8171}"
EndProject
Global
	GlobalSection(SolutionConfigurationPlatforms) = preSolution
		Debug|Any CPU = Debug|Any CPU
		Release|Any CPU = Release|Any CPU
	EndGlobalSection
	GlobalSection(ProjectConfigurationPlatforms) = postSolution
		{E9062A83-AC02-4702-A1E9-6947281DC75D}.Debug|Any CPU.ActiveCfg = Debug|Any CPU
		{E9062A83-AC02-4702-A1E9-6947281DC75D}.Debug|Any CPU.Build.0 = Debug|Any CPU
		{E9062A83-AC02-4702-A1E9-6947281DC75D}.Release|Any CPU.ActiveCfg = Release|Any CPU
		{E9062A83-AC02-4702-A1E9-6947281DC75D}.Release|Any CPU.Build.0 = Release|Any CPU
		{6F3E66F5-2E51-4619-89E6-40C7109C8171}.Debug|Any CPU.ActiveCfg = Debug|Any CPU
		{6F3E66F5-2E51-4619-89E6-40C7109C8171}.Debug|Any CPU.Build.0 = Debug|Any CPU
		{6F3E66F5-2E51-4619-89E6-40C7109C8171}.Release|Any CPU.ActiveCfg = Release|Any CPU
		{6F3E66F5-2E51-4619-89E6-40C7109C8171}.Release|Any CPU.Build.0 = Release|Any CPU
	EndGlobalSection
	GlobalSection(SolutionProperties) = preSolution
		HideSolutionNode = FALSE
	EndGlobalSection
	GlobalSection(ExtensibilityGlobals) = postSolution
		SolutionGuid = {D257A089-0CB4-4938-AB86-BA10992D3E05}
	EndGlobalSection
EndGlobal
