
Microsoft Visual Studio Solution File, Format Version 12.00
# Visual Studio Version 17
VisualStudioVersion = 17.7.34221.43
MinimumVisualStudioVersion = 10.0.40219.1
Project("{F2A71F9B-5D33-465A-A702-920D77279786}") = "WebApplication7", "WebApplication7\WebApplication7.fsproj", "{A786D773-EF8B-4DBA-80E2-E60FBD2967A6}"
EndProject
Project("{FAE04EC0-301F-11D3-BF4B-00C04F79EFBC}") = "HotelBooking.DAL", "HotelBooking.DAL\HotelBooking.DAL.csproj", "{89FED277-4A61-4B5B-9D47-EA3B1B1E78D4}"
EndProject
Project("{FAE04EC0-301F-11D3-BF4B-00C04F79EFBC}") = "HotelBooking.BLL", "HotelBooking.BLL\HotelBooking.BLL.csproj", "{3E70D7F6-10DA-46AE-9767-D8F4C243F68A}"
EndProject
Project("{FAE04EC0-301F-11D3-BF4B-00C04F79EFBC}") = "HotelBooking.PL", "HotelBooking.PL\HotelBooking.PL.csproj", "{33CA6F01-A013-4276-94D7-C6F5189649C8}"
EndProject
Global
	GlobalSection(SolutionConfigurationPlatforms) = preSolution
		Debug|Any CPU = Debug|Any CPU
		Release|Any CPU = Release|Any CPU
	EndGlobalSection
	GlobalSection(ProjectConfigurationPlatforms) = postSolution
		{A786D773-EF8B-4DBA-80E2-E60FBD2967A6}.Debug|Any CPU.ActiveCfg = Debug|Any CPU
		{A786D773-EF8B-4DBA-80E2-E60FBD2967A6}.Debug|Any CPU.Build.0 = Debug|Any CPU
		{A786D773-EF8B-4DBA-80E2-E60FBD2967A6}.Release|Any CPU.ActiveCfg = Release|Any CPU
		{A786D773-EF8B-4DBA-80E2-E60FBD2967A6}.Release|Any CPU.Build.0 = Release|Any CPU
		{89FED277-4A61-4B5B-9D47-EA3B1B1E78D4}.Debug|Any CPU.ActiveCfg = Debug|Any CPU
		{89FED277-4A61-4B5B-9D47-EA3B1B1E78D4}.Debug|Any CPU.Build.0 = Debug|Any CPU
		{89FED277-4A61-4B5B-9D47-EA3B1B1E78D4}.Release|Any CPU.ActiveCfg = Release|Any CPU
		{89FED277-4A61-4B5B-9D47-EA3B1B1E78D4}.Release|Any CPU.Build.0 = Release|Any CPU
		{3E70D7F6-10DA-46AE-9767-D8F4C243F68A}.Debug|Any CPU.ActiveCfg = Debug|Any CPU
		{3E70D7F6-10DA-46AE-9767-D8F4C243F68A}.Debug|Any CPU.Build.0 = Debug|Any CPU
		{3E70D7F6-10DA-46AE-9767-D8F4C243F68A}.Release|Any CPU.ActiveCfg = Release|Any CPU
		{3E70D7F6-10DA-46AE-9767-D8F4C243F68A}.Release|Any CPU.Build.0 = Release|Any CPU
		{33CA6F01-A013-4276-94D7-C6F5189649C8}.Debug|Any CPU.ActiveCfg = Debug|Any CPU
		{33CA6F01-A013-4276-94D7-C6F5189649C8}.Debug|Any CPU.Build.0 = Debug|Any CPU
		{33CA6F01-A013-4276-94D7-C6F5189649C8}.Release|Any CPU.ActiveCfg = Release|Any CPU
		{33CA6F01-A013-4276-94D7-C6F5189649C8}.Release|Any CPU.Build.0 = Release|Any CPU
	EndGlobalSection
	GlobalSection(SolutionProperties) = preSolution
		HideSolutionNode = FALSE
	EndGlobalSection
	GlobalSection(ExtensibilityGlobals) = postSolution
		SolutionGuid = {20ED42FA-0A6E-4BC7-BA28-BE853D97985B}
	EndGlobalSection
EndGlobal
